
Microsoft Visual Studio Solution File, Format Version 12.00
# Visual Studio Version 16
VisualStudioVersion = 16.0.31205.134
MinimumVisualStudioVersion = 10.0.40219.1
Project("{9A19103F-16F7-4668-BE54-9A1E7A4F7556}") = "N6", "N6\N6.csproj", "{DBE57EE6-50B4-41E4-98EB-C7E075BFAD62}"
EndProject
Global
	GlobalSection(SolutionConfigurationPlatforms) = preSolution
		Debug|Any CPU = Debug|Any CPU
		Release|Any CPU = Release|Any CPU
	EndGlobalSection
	GlobalSection(ProjectConfigurationPlatforms) = postSolution
		{DBE57EE6-50B4-41E4-98EB-C7E075BFAD62}.Debug|Any CPU.ActiveCfg = Debug|Any CPU
		{DBE57EE6-50B4-41E4-98EB-C7E075BFAD62}.Debug|Any CPU.Build.0 = Debug|Any CPU
		{DBE57EE6-50B4-41E4-98EB-C7E075BFAD62}.Release|Any CPU.ActiveCfg = Release|Any CPU
		{DBE57EE6-50B4-41E4-98EB-C7E075BFAD62}.Release|Any CPU.Build.0 = Release|Any CPU
	EndGlobalSection
	GlobalSection(SolutionProperties) = preSolution
		HideSolutionNode = FALSE
	EndGlobalSection
	GlobalSection(ExtensibilityGlobals) = postSolution
		SolutionGuid = {C5FD8971-7681-4198-9058-2A25E351A7BB}
	EndGlobalSection
EndGlobal
